
Microsoft Visual Studio Solution File, Format Version 12.00
# Visual Studio Version 17
VisualStudioVersion = 17.7.34003.232
MinimumVisualStudioVersion = 10.0.40219.1
Project("{FAE04EC0-301F-11D3-BF4B-00C04F79EFBC}") = "Emus_Stone_Evan", "Emus_Stone_Evan\Emus_Stone_Evan.csproj", "{3CAE5815-910B-4611-A7CF-471C5DE8BBB1}"
EndProject
Global
	GlobalSection(SolutionConfigurationPlatforms) = preSolution
		Debug|Any CPU = Debug|Any CPU
		Release|Any CPU = Release|Any CPU
	EndGlobalSection
	GlobalSection(ProjectConfigurationPlatforms) = postSolution
		{3CAE5815-910B-4611-A7CF-471C5DE8BBB1}.Debug|Any CPU.ActiveCfg = Debug|Any CPU
		{3CAE5815-910B-4611-A7CF-471C5DE8BBB1}.Debug|Any CPU.Build.0 = Debug|Any CPU
		{3CAE5815-910B-4611-A7CF-471C5DE8BBB1}.Release|Any CPU.ActiveCfg = Release|Any CPU
		{3CAE5815-910B-4611-A7CF-471C5DE8BBB1}.Release|Any CPU.Build.0 = Release|Any CPU
	EndGlobalSection
	GlobalSection(SolutionProperties) = preSolution
		HideSolutionNode = FALSE
	EndGlobalSection
	GlobalSection(ExtensibilityGlobals) = postSolution
		SolutionGuid = {4591A977-86F9-43BF-BC2B-1AC957F6B1ED}
	EndGlobalSection
EndGlobal
